
Microsoft Visual Studio Solution File, Format Version 12.00
# Visual Studio 15
VisualStudioVersion = 15.0.28010.2016
MinimumVisualStudioVersion = 10.0.40219.1
Project("{FAE04EC0-301F-11D3-BF4B-00C04F79EFBC}") = "GenericListExercise", "GenericListExercise\GenericListExercise.csproj", "{70855760-D1DC-4BBA-B7BA-AD33A99BF39C}"
EndProject
Global
	GlobalSection(SolutionConfigurationPlatforms) = preSolution
		Debug|Any CPU = Debug|Any CPU
		Release|Any CPU = Release|Any CPU
	EndGlobalSection
	GlobalSection(ProjectConfigurationPlatforms) = postSolution
		{70855760-D1DC-4BBA-B7BA-AD33A99BF39C}.Debug|Any CPU.ActiveCfg = Debug|Any CPU
		{70855760-D1DC-4BBA-B7BA-AD33A99BF39C}.Debug|Any CPU.Build.0 = Debug|Any CPU
		{70855760-D1DC-4BBA-B7BA-AD33A99BF39C}.Release|Any CPU.ActiveCfg = Release|Any CPU
		{70855760-D1DC-4BBA-B7BA-AD33A99BF39C}.Release|Any CPU.Build.0 = Release|Any CPU
	EndGlobalSection
	GlobalSection(SolutionProperties) = preSolution
		HideSolutionNode = FALSE
	EndGlobalSection
	GlobalSection(ExtensibilityGlobals) = postSolution
		SolutionGuid = {A058D4D4-29D0-41DD-A035-0E63C98B62BE}
	EndGlobalSection
EndGlobal
